
Microsoft Visual Studio Solution File, Format Version 12.00
# Visual Studio Version 17
VisualStudioVersion = 17.3.32929.385
MinimumVisualStudioVersion = 10.0.40219.1
Project("{9A19103F-16F7-4668-BE54-9A1E7A4F7556}") = "LibreHardwareHelper", "LibreHardwareHelper\LibreHardwareHelper.csproj", "{A2C6688B-6175-4C0A-83A2-5C821AA0F1AE}"
EndProject
Project("{9A19103F-16F7-4668-BE54-9A1E7A4F7556}") = "Sandbox", "Sandbox\Sandbox.csproj", "{5F7982CE-E7D2-41C0-BF0C-A6CB6C8B6D39}"
EndProject
Global
	GlobalSection(SolutionConfigurationPlatforms) = preSolution
		Debug|Any CPU = Debug|Any CPU
		monitor|Any CPU = monitor|Any CPU
		Release|Any CPU = Release|Any CPU
	EndGlobalSection
	GlobalSection(ProjectConfigurationPlatforms) = postSolution
		{A2C6688B-6175-4C0A-83A2-5C821AA0F1AE}.Debug|Any CPU.ActiveCfg = Debug|Any CPU
		{A2C6688B-6175-4C0A-83A2-5C821AA0F1AE}.Debug|Any CPU.Build.0 = Debug|Any CPU
		{A2C6688B-6175-4C0A-83A2-5C821AA0F1AE}.monitor|Any CPU.ActiveCfg = monitor|Any CPU
		{A2C6688B-6175-4C0A-83A2-5C821AA0F1AE}.monitor|Any CPU.Build.0 = monitor|Any CPU
		{A2C6688B-6175-4C0A-83A2-5C821AA0F1AE}.Release|Any CPU.ActiveCfg = Release|Any CPU
		{A2C6688B-6175-4C0A-83A2-5C821AA0F1AE}.Release|Any CPU.Build.0 = Release|Any CPU
		{5F7982CE-E7D2-41C0-BF0C-A6CB6C8B6D39}.Debug|Any CPU.ActiveCfg = Debug|Any CPU
		{5F7982CE-E7D2-41C0-BF0C-A6CB6C8B6D39}.Debug|Any CPU.Build.0 = Debug|Any CPU
		{5F7982CE-E7D2-41C0-BF0C-A6CB6C8B6D39}.monitor|Any CPU.ActiveCfg = monitor|Any CPU
		{5F7982CE-E7D2-41C0-BF0C-A6CB6C8B6D39}.monitor|Any CPU.Build.0 = monitor|Any CPU
		{5F7982CE-E7D2-41C0-BF0C-A6CB6C8B6D39}.Release|Any CPU.ActiveCfg = Release|Any CPU
		{5F7982CE-E7D2-41C0-BF0C-A6CB6C8B6D39}.Release|Any CPU.Build.0 = Release|Any CPU
	EndGlobalSection
	GlobalSection(SolutionProperties) = preSolution
		HideSolutionNode = FALSE
	EndGlobalSection
	GlobalSection(ExtensibilityGlobals) = postSolution
		SolutionGuid = {33FE71E7-4208-4289-862B-CA81DFBD4C94}
	EndGlobalSection
EndGlobal
